# This file is automatically @generated by Cargo.
# It is not intended for manual editing.
version = 4

[[package]]
name = "node-abs"
version = "0.1.0"

[[package]]
name = "node-add"
version = "0.1.0"

[[package]]
name = "node-clamp"
version = "0.1.0"

[[package]]
name = "node-div"
version = "0.1.0"

[[package]]
name = "node-lerp"
version = "0.1.0"

[[package]]
name = "node-mul"
version = "0.1.0"

[[package]]
name = "node-sqrt"
version = "0.1.0"

[[package]]
name = "node-sub"
version = "0.1.0"
